
Microsoft Visual Studio Solution File, Format Version 12.00
# Visual Studio Version 16
VisualStudioVersion = 16.0.28803.452
MinimumVisualStudioVersion = 10.0.40219.1
Project("{FAE04EC0-301F-11D3-BF4B-00C04F79EFBC}") = "DBSS Client", "DBSS Client\DBSS Client.csproj", "{4CB27C78-D7F8-41DF-B704-5EEADEEB10C3}"
EndProject
Global
	GlobalSection(SolutionConfigurationPlatforms) = preSolution
		Debug|Any CPU = Debug|Any CPU
		Debug|x64 = Debug|x64
		Release|Any CPU = Release|Any CPU
		Release|x64 = Release|x64
	EndGlobalSection
	GlobalSection(ProjectConfigurationPlatforms) = postSolution
		{4CB27C78-D7F8-41DF-B704-5EEADEEB10C3}.Debug|Any CPU.ActiveCfg = Debug|Any CPU
		{4CB27C78-D7F8-41DF-B704-5EEADEEB10C3}.Debug|Any CPU.Build.0 = Debug|Any CPU
		{4CB27C78-D7F8-41DF-B704-5EEADEEB10C3}.Debug|x64.ActiveCfg = Debug|x64
		{4CB27C78-D7F8-41DF-B704-5EEADEEB10C3}.Debug|x64.Build.0 = Debug|x64
		{4CB27C78-D7F8-41DF-B704-5EEADEEB10C3}.Release|Any CPU.ActiveCfg = Release|Any CPU
		{4CB27C78-D7F8-41DF-B704-5EEADEEB10C3}.Release|Any CPU.Build.0 = Release|Any CPU
		{4CB27C78-D7F8-41DF-B704-5EEADEEB10C3}.Release|x64.ActiveCfg = Release|x64
		{4CB27C78-D7F8-41DF-B704-5EEADEEB10C3}.Release|x64.Build.0 = Release|x64
	EndGlobalSection
	GlobalSection(SolutionProperties) = preSolution
		HideSolutionNode = FALSE
	EndGlobalSection
	GlobalSection(ExtensibilityGlobals) = postSolution
		SolutionGuid = {1061492C-49FB-4E79-AA78-F14061343128}
	EndGlobalSection
EndGlobal
